
Microsoft Visual Studio Solution File, Format Version 12.00
# Visual Studio 2012
Project("{FAE04EC0-301F-11D3-BF4B-00C04F79EFBC}") = "Bluepill.Picture", "Bluepill.Picture\Bluepill.Picture.csproj", "{196DD9C1-E189-47D3-A586-3DEFB63A9999}"
EndProject
Project("{FAE04EC0-301F-11D3-BF4B-00C04F79EFBC}") = "Bluepill.Web", "Bluepill.Web\Bluepill.Web.csproj", "{00357A57-58D0-490C-BFAA-EFFB18A8839D}"
EndProject
Project("{FAE04EC0-301F-11D3-BF4B-00C04F79EFBC}") = "Bluepill.Storage", "Bluepill.Storage\Bluepill.Storage.csproj", "{A42D5B5B-F3ED-4DDE-95FC-2C4671E1C29F}"
EndProject
Project("{FAE04EC0-301F-11D3-BF4B-00C04F79EFBC}") = "Bluepill.Storage.Test", "Bluepill.Storage.Test\Bluepill.Storage.Test.csproj", "{AE26F287-ACBE-4F3E-BB5D-4726F5BD0F2F}"
EndProject
Project("{FAE04EC0-301F-11D3-BF4B-00C04F79EFBC}") = "Bluepill.Search", "Bluepill.Search\Bluepill.Search.csproj", "{17E26727-DB5C-4BA7-8B21-FBDDF1876EC7}"
EndProject
Project("{FAE04EC0-301F-11D3-BF4B-00C04F79EFBC}") = "Bluepill.Dropbox", "Bluepill.Dropbox\Bluepill.Dropbox.csproj", "{67B81AAF-3047-4C38-AFD1-9C64094102E4}"
EndProject
Project("{FAE04EC0-301F-11D3-BF4B-00C04F79EFBC}") = "Bluepill.Password", "Bluepill.Password\Bluepill.Password.csproj", "{AEEE0B31-4033-43FE-ADE0-37E11E4F6F86}"
EndProject
Global
	GlobalSection(SolutionConfigurationPlatforms) = preSolution
		Debug|Any CPU = Debug|Any CPU
		Release|Any CPU = Release|Any CPU
	EndGlobalSection
	GlobalSection(ProjectConfigurationPlatforms) = postSolution
		{196DD9C1-E189-47D3-A586-3DEFB63A9999}.Debug|Any CPU.ActiveCfg = Debug|Any CPU
		{196DD9C1-E189-47D3-A586-3DEFB63A9999}.Debug|Any CPU.Build.0 = Debug|Any CPU
		{196DD9C1-E189-47D3-A586-3DEFB63A9999}.Release|Any CPU.ActiveCfg = Release|Any CPU
		{196DD9C1-E189-47D3-A586-3DEFB63A9999}.Release|Any CPU.Build.0 = Release|Any CPU
		{00357A57-58D0-490C-BFAA-EFFB18A8839D}.Debug|Any CPU.ActiveCfg = Debug|Any CPU
		{00357A57-58D0-490C-BFAA-EFFB18A8839D}.Debug|Any CPU.Build.0 = Debug|Any CPU
		{00357A57-58D0-490C-BFAA-EFFB18A8839D}.Release|Any CPU.ActiveCfg = Release|Any CPU
		{00357A57-58D0-490C-BFAA-EFFB18A8839D}.Release|Any CPU.Build.0 = Release|Any CPU
		{A42D5B5B-F3ED-4DDE-95FC-2C4671E1C29F}.Debug|Any CPU.ActiveCfg = Debug|Any CPU
		{A42D5B5B-F3ED-4DDE-95FC-2C4671E1C29F}.Debug|Any CPU.Build.0 = Debug|Any CPU
		{A42D5B5B-F3ED-4DDE-95FC-2C4671E1C29F}.Release|Any CPU.ActiveCfg = Release|Any CPU
		{A42D5B5B-F3ED-4DDE-95FC-2C4671E1C29F}.Release|Any CPU.Build.0 = Release|Any CPU
		{AE26F287-ACBE-4F3E-BB5D-4726F5BD0F2F}.Debug|Any CPU.ActiveCfg = Debug|Any CPU
		{AE26F287-ACBE-4F3E-BB5D-4726F5BD0F2F}.Debug|Any CPU.Build.0 = Debug|Any CPU
		{AE26F287-ACBE-4F3E-BB5D-4726F5BD0F2F}.Release|Any CPU.ActiveCfg = Release|Any CPU
		{AE26F287-ACBE-4F3E-BB5D-4726F5BD0F2F}.Release|Any CPU.Build.0 = Release|Any CPU
		{17E26727-DB5C-4BA7-8B21-FBDDF1876EC7}.Debug|Any CPU.ActiveCfg = Debug|Any CPU
		{17E26727-DB5C-4BA7-8B21-FBDDF1876EC7}.Debug|Any CPU.Build.0 = Debug|Any CPU
		{17E26727-DB5C-4BA7-8B21-FBDDF1876EC7}.Release|Any CPU.ActiveCfg = Release|Any CPU
		{17E26727-DB5C-4BA7-8B21-FBDDF1876EC7}.Release|Any CPU.Build.0 = Release|Any CPU
		{67B81AAF-3047-4C38-AFD1-9C64094102E4}.Debug|Any CPU.ActiveCfg = Debug|Any CPU
		{67B81AAF-3047-4C38-AFD1-9C64094102E4}.Debug|Any CPU.Build.0 = Debug|Any CPU
		{67B81AAF-3047-4C38-AFD1-9C64094102E4}.Release|Any CPU.ActiveCfg = Release|Any CPU
		{67B81AAF-3047-4C38-AFD1-9C64094102E4}.Release|Any CPU.Build.0 = Release|Any CPU
		{AEEE0B31-4033-43FE-ADE0-37E11E4F6F86}.Debug|Any CPU.ActiveCfg = Debug|Any CPU
		{AEEE0B31-4033-43FE-ADE0-37E11E4F6F86}.Debug|Any CPU.Build.0 = Debug|Any CPU
		{AEEE0B31-4033-43FE-ADE0-37E11E4F6F86}.Release|Any CPU.ActiveCfg = Release|Any CPU
		{AEEE0B31-4033-43FE-ADE0-37E11E4F6F86}.Release|Any CPU.Build.0 = Release|Any CPU
	EndGlobalSection
	GlobalSection(SolutionProperties) = preSolution
		HideSolutionNode = FALSE
	EndGlobalSection
	GlobalSection(ExtensibilityGlobals) = postSolution
		EnterpriseLibraryConfigurationToolBinariesPath = packages\Unity.2.1.505.2\lib\NET35;packages\Unity.Interception.2.1.505.2\lib\NET35
	EndGlobalSection
EndGlobal
